// !$*UTF8*$!
{
	archiveVersion = 1;
	classes = {
	};
	objectVersion = 46;
	objects = {

/* Begin PBXBuildFile section */
		6233C3F41B02DFB300532F13 /* UIImageView+DynaKit.m in Sources */ = {isa = PBXBuildFile; fileRef = 6233C3F31B02DFB300532F13 /* UIImageView+DynaKit.m */; };
		6233C4001B02E87500532F13 /* UIButton+DynaKit.m in Sources */ = {isa = PBXBuildFile; fileRef = 6233C3FF1B02E87500532F13 /* UIButton+DynaKit.m */; };
		624F84B01B01BF24002230CA /* MainViewController.m in Sources */ = {isa = PBXBuildFile; fileRef = 624F84AF1B01BF24002230CA /* MainViewController.m */; };
		624F84BE1B01C450002230CA /* UIColor+Hex.m in Sources */ = {isa = PBXBuildFile; fileRef = 624F84BB1B01C450002230CA /* UIColor+Hex.m */; };
		624F84BF1B01C450002230CA /* UIView+Additions.m in Sources */ = {isa = PBXBuildFile; fileRef = 624F84BD1B01C450002230CA /* UIView+Additions.m */; };
		624F84C41B01C496002230CA /* 2.pic.jpg in Resources */ = {isa = PBXBuildFile; fileRef = 624F84C31B01C496002230CA /* 2.pic.jpg */; };
		624F84C61B01C669002230CA /* test.json in Resources */ = {isa = PBXBuildFile; fileRef = 624F84C51B01C669002230CA /* test.json */; };
		624F84D01B01C7BE002230CA /* NSObject+DynaKit.m in Sources */ = {isa = PBXBuildFile; fileRef = 624F84CF1B01C7BE002230CA /* NSObject+DynaKit.m */; };
		624F84D61B01C826002230CA /* NSDictionary+DynaKit.m in Sources */ = {isa = PBXBuildFile; fileRef = 624F84D51B01C826002230CA /* NSDictionary+DynaKit.m */; };
		624F84D91B01C99C002230CA /* DynamicKitManager.m in Sources */ = {isa = PBXBuildFile; fileRef = 624F84D81B01C99C002230CA /* DynamicKitManager.m */; };
		627AAB831B01091200E1045C /* main.m in Sources */ = {isa = PBXBuildFile; fileRef = 627AAB821B01091200E1045C /* main.m */; };
		627AAB861B01091200E1045C /* AppDelegate.m in Sources */ = {isa = PBXBuildFile; fileRef = 627AAB851B01091200E1045C /* AppDelegate.m */; };
		627AAB8E1B01091200E1045C /* Images.xcassets in Resources */ = {isa = PBXBuildFile; fileRef = 627AAB8D1B01091200E1045C /* Images.xcassets */; };
		627AAB9D1B01091200E1045C /* DynamicKitDemoTests.m in Sources */ = {isa = PBXBuildFile; fileRef = 627AAB9C1B01091200E1045C /* DynamicKitDemoTests.m */; };
		628EDCD41B02F08600FF7E47 /* DynaKitWebViewController.m in Sources */ = {isa = PBXBuildFile; fileRef = 628EDCD31B02F08600FF7E47 /* DynaKitWebViewController.m */; };
		628EDCD71B02F59700FF7E47 /* DynamicNavigationController.m in Sources */ = {isa = PBXBuildFile; fileRef = 628EDCD61B02F59700FF7E47 /* DynamicNavigationController.m */; };
		AAA2A0500A75C8F2485B162C /* libPods.a in Frameworks */ = {isa = PBXBuildFile; fileRef = A03D0C2B393FC1E86EE0DA12 /* libPods.a */; };
/* End PBXBuildFile section */

/* Begin PBXContainerItemProxy section */
		627AAB971B01091200E1045C /* PBXContainerItemProxy */ = {
			isa = PBXContainerItemProxy;
			containerPortal = 627AAB751B01091100E1045C /* Project object */;
			proxyType = 1;
			remoteGlobalIDString = 627AAB7C1B01091100E1045C;
			remoteInfo = DynamicKitDemo;
		};
/* End PBXContainerItemProxy section */

/* Begin PBXFileReference section */
		6233C3F21B02DFB300532F13 /* UIImageView+DynaKit.h */ = {isa = PBXFileReference; fileEncoding = 4; lastKnownFileType = sourcecode.c.h; path = "UIImageView+DynaKit.h"; sourceTree = "<group>"; };
		6233C3F31B02DFB300532F13 /* UIImageView+DynaKit.m */ = {isa = PBXFileReference; fileEncoding = 4; lastKnownFileType = sourcecode.c.objc; path = "UIImageView+DynaKit.m"; sourceTree = "<group>"; };
		6233C3FE1B02E87500532F13 /* UIButton+DynaKit.h */ = {isa = PBXFileReference; fileEncoding = 4; lastKnownFileType = sourcecode.c.h; path = "UIButton+DynaKit.h"; sourceTree = "<group>"; };
		6233C3FF1B02E87500532F13 /* UIButton+DynaKit.m */ = {isa = PBXFileReference; fileEncoding = 4; lastKnownFileType = sourcecode.c.objc; path = "UIButton+DynaKit.m"; sourceTree = "<group>"; };
		624F84AE1B01BF24002230CA /* MainViewController.h */ = {isa = PBXFileReference; fileEncoding = 4; lastKnownFileType = sourcecode.c.h; name = MainViewController.h; path = Source/MainViewController.h; sourceTree = "<group>"; };
		624F84AF1B01BF24002230CA /* MainViewController.m */ = {isa = PBXFileReference; fileEncoding = 4; lastKnownFileType = sourcecode.c.objc; name = MainViewController.m; path = Source/MainViewController.m; sourceTree = "<group>"; };
		624F84BA1B01C450002230CA /* UIColor+Hex.h */ = {isa = PBXFileReference; fileEncoding = 4; lastKnownFileType = sourcecode.c.h; name = "UIColor+Hex.h"; path = "Addtionnal Files/UIColor+Hex.h"; sourceTree = "<group>"; };
		624F84BB1B01C450002230CA /* UIColor+Hex.m */ = {isa = PBXFileReference; fileEncoding = 4; lastKnownFileType = sourcecode.c.objc; name = "UIColor+Hex.m"; path = "Addtionnal Files/UIColor+Hex.m"; sourceTree = "<group>"; };
		624F84BC1B01C450002230CA /* UIView+Additions.h */ = {isa = PBXFileReference; fileEncoding = 4; lastKnownFileType = sourcecode.c.h; name = "UIView+Additions.h"; path = "Addtionnal Files/UIView+Additions.h"; sourceTree = "<group>"; };
		624F84BD1B01C450002230CA /* UIView+Additions.m */ = {isa = PBXFileReference; fileEncoding = 4; lastKnownFileType = sourcecode.c.objc; name = "UIView+Additions.m"; path = "Addtionnal Files/UIView+Additions.m"; sourceTree = "<group>"; };
		624F84C31B01C496002230CA /* 2.pic.jpg */ = {isa = PBXFileReference; lastKnownFileType = image.jpeg; path = 2.pic.jpg; sourceTree = "<group>"; };
		624F84C51B01C669002230CA /* test.json */ = {isa = PBXFileReference; fileEncoding = 4; lastKnownFileType = text.json; path = test.json; sourceTree = "<group>"; };
		624F84CE1B01C7BE002230CA /* NSObject+DynaKit.h */ = {isa = PBXFileReference; fileEncoding = 4; lastKnownFileType = sourcecode.c.h; path = "NSObject+DynaKit.h"; sourceTree = "<group>"; };
		624F84CF1B01C7BE002230CA /* NSObject+DynaKit.m */ = {isa = PBXFileReference; fileEncoding = 4; lastKnownFileType = sourcecode.c.objc; path = "NSObject+DynaKit.m"; sourceTree = "<group>"; };
		624F84D41B01C826002230CA /* NSDictionary+DynaKit.h */ = {isa = PBXFileReference; fileEncoding = 4; lastKnownFileType = sourcecode.c.h; path = "NSDictionary+DynaKit.h"; sourceTree = "<group>"; };
		624F84D51B01C826002230CA /* NSDictionary+DynaKit.m */ = {isa = PBXFileReference; fileEncoding = 4; lastKnownFileType = sourcecode.c.objc; path = "NSDictionary+DynaKit.m"; sourceTree = "<group>"; };
		624F84D71B01C99C002230CA /* DynamicKitManager.h */ = {isa = PBXFileReference; fileEncoding = 4; lastKnownFileType = sourcecode.c.h; path = DynamicKitManager.h; sourceTree = "<group>"; };
		624F84D81B01C99C002230CA /* DynamicKitManager.m */ = {isa = PBXFileReference; fileEncoding = 4; lastKnownFileType = sourcecode.c.objc; path = DynamicKitManager.m; sourceTree = "<group>"; };
		627AAB7D1B01091200E1045C /* DynamicKitDemo.app */ = {isa = PBXFileReference; explicitFileType = wrapper.application; includeInIndex = 0; path = DynamicKitDemo.app; sourceTree = BUILT_PRODUCTS_DIR; };
		627AAB811B01091200E1045C /* Info.plist */ = {isa = PBXFileReference; lastKnownFileType = text.plist.xml; path = Info.plist; sourceTree = "<group>"; };
		627AAB821B01091200E1045C /* main.m */ = {isa = PBXFileReference; lastKnownFileType = sourcecode.c.objc; path = main.m; sourceTree = "<group>"; };
		627AAB841B01091200E1045C /* AppDelegate.h */ = {isa = PBXFileReference; lastKnownFileType = sourcecode.c.h; path = AppDelegate.h; sourceTree = "<group>"; };
		627AAB851B01091200E1045C /* AppDelegate.m */ = {isa = PBXFileReference; lastKnownFileType = sourcecode.c.objc; path = AppDelegate.m; sourceTree = "<group>"; };
		627AAB8D1B01091200E1045C /* Images.xcassets */ = {isa = PBXFileReference; lastKnownFileType = folder.assetcatalog; path = Images.xcassets; sourceTree = "<group>"; };
		627AAB961B01091200E1045C /* DynamicKitDemoTests.xctest */ = {isa = PBXFileReference; explicitFileType = wrapper.cfbundle; includeInIndex = 0; path = DynamicKitDemoTests.xctest; sourceTree = BUILT_PRODUCTS_DIR; };
		627AAB9B1B01091200E1045C /* Info.plist */ = {isa = PBXFileReference; lastKnownFileType = text.plist.xml; path = Info.plist; sourceTree = "<group>"; };
		627AAB9C1B01091200E1045C /* DynamicKitDemoTests.m */ = {isa = PBXFileReference; lastKnownFileType = sourcecode.c.objc; path = DynamicKitDemoTests.m; sourceTree = "<group>"; };
		628EDCD21B02F08600FF7E47 /* DynaKitWebViewController.h */ = {isa = PBXFileReference; fileEncoding = 4; lastKnownFileType = sourcecode.c.h; path = DynaKitWebViewController.h; sourceTree = "<group>"; };
		628EDCD31B02F08600FF7E47 /* DynaKitWebViewController.m */ = {isa = PBXFileReference; fileEncoding = 4; lastKnownFileType = sourcecode.c.objc; path = DynaKitWebViewController.m; sourceTree = "<group>"; };
		628EDCD51B02F59700FF7E47 /* DynamicNavigationController.h */ = {isa = PBXFileReference; fileEncoding = 4; lastKnownFileType = sourcecode.c.h; path = DynamicNavigationController.h; sourceTree = "<group>"; };
		628EDCD61B02F59700FF7E47 /* DynamicNavigationController.m */ = {isa = PBXFileReference; fileEncoding = 4; lastKnownFileType = sourcecode.c.objc; path = DynamicNavigationController.m; sourceTree = "<group>"; };
		62A5044D1B01E6C500AD7250 /* DynamicKitDemo-Prefix.pch */ = {isa = PBXFileReference; lastKnownFileType = sourcecode.c.h; path = "DynamicKitDemo-Prefix.pch"; sourceTree = "<group>"; };
		A03D0C2B393FC1E86EE0DA12 /* libPods.a */ = {isa = PBXFileReference; explicitFileType = archive.ar; includeInIndex = 0; path = libPods.a; sourceTree = BUILT_PRODUCTS_DIR; };
		F69313B3B4348F9A61CC9379 /* Pods.debug.xcconfig */ = {isa = PBXFileReference; includeInIndex = 1; lastKnownFileType = text.xcconfig; name = Pods.debug.xcconfig; path = "Pods/Target Support Files/Pods/Pods.debug.xcconfig"; sourceTree = "<group>"; };
		F88CC8DA60BA007E4482F664 /* Pods.release.xcconfig */ = {isa = PBXFileReference; includeInIndex = 1; lastKnownFileType = text.xcconfig; name = Pods.release.xcconfig; path = "Pods/Target Support Files/Pods/Pods.release.xcconfig"; sourceTree = "<group>"; };
/* End PBXFileReference section */

/* Begin PBXFrameworksBuildPhase section */
		627AAB7A1B01091100E1045C /* Frameworks */ = {
			isa = PBXFrameworksBuildPhase;
			buildActionMask = 2147483647;
			files = (
				AAA2A0500A75C8F2485B162C /* libPods.a in Frameworks */,
			);
			runOnlyForDeploymentPostprocessing = 0;
		};
		627AAB931B01091200E1045C /* Frameworks */ = {
			isa = PBXFrameworksBuildPhase;
			buildActionMask = 2147483647;
			files = (
			);
			runOnlyForDeploymentPostprocessing = 0;
		};
/* End PBXFrameworksBuildPhase section */

/* Begin PBXGroup section */
		1C88D7E8F259FAAAEB2AC29C /* Frameworks */ = {
			isa = PBXGroup;
			children = (
				A03D0C2B393FC1E86EE0DA12 /* libPods.a */,
			);
			name = Frameworks;
			sourceTree = "<group>";
		};
		624F84B11B01BF28002230CA /* Source */ = {
			isa = PBXGroup;
			children = (
				628EDCD11B02F06A00FF7E47 /* DynamicKitDemo */,
				624F84CD1B01C7BE002230CA /* DynamicKit */,
				624F84AE1B01BF24002230CA /* MainViewController.h */,
				624F84AF1B01BF24002230CA /* MainViewController.m */,
			);
			name = Source;
			sourceTree = "<group>";
		};
		624F84B31B01C3F4002230CA /* Additional Files */ = {
			isa = PBXGroup;
			children = (
				624F84BA1B01C450002230CA /* UIColor+Hex.h */,
				624F84BB1B01C450002230CA /* UIColor+Hex.m */,
				624F84BC1B01C450002230CA /* UIView+Additions.h */,
				624F84BD1B01C450002230CA /* UIView+Additions.m */,
			);
			name = "Additional Files";
			sourceTree = "<group>";
		};
		624F84C01B01C481002230CA /* Resources */ = {
			isa = PBXGroup;
			children = (
				624F84C31B01C496002230CA /* 2.pic.jpg */,
				624F84C51B01C669002230CA /* test.json */,
			);
			path = Resources;
			sourceTree = "<group>";
		};
		624F84CD1B01C7BE002230CA /* DynamicKit */ = {
			isa = PBXGroup;
			children = (
				624F84CE1B01C7BE002230CA /* NSObject+DynaKit.h */,
				624F84CF1B01C7BE002230CA /* NSObject+DynaKit.m */,
				624F84D41B01C826002230CA /* NSDictionary+DynaKit.h */,
				624F84D51B01C826002230CA /* NSDictionary+DynaKit.m */,
				6233C3F21B02DFB300532F13 /* UIImageView+DynaKit.h */,
				6233C3F31B02DFB300532F13 /* UIImageView+DynaKit.m */,
				6233C3FE1B02E87500532F13 /* UIButton+DynaKit.h */,
				6233C3FF1B02E87500532F13 /* UIButton+DynaKit.m */,
				624F84D71B01C99C002230CA /* DynamicKitManager.h */,
				624F84D81B01C99C002230CA /* DynamicKitManager.m */,
			);
			name = DynamicKit;
			path = Source/DynamicKit;
			sourceTree = "<group>";
		};
		627AAB741B01091100E1045C = {
			isa = PBXGroup;
			children = (
				627AAB7F1B01091200E1045C /* DynamicKitDemo */,
				627AAB991B01091200E1045C /* DynamicKitDemoTests */,
				627AAB7E1B01091200E1045C /* Products */,
				98F545F803C3565752C7B479 /* Pods */,
				1C88D7E8F259FAAAEB2AC29C /* Frameworks */,
			);
			sourceTree = "<group>";
		};
		627AAB7E1B01091200E1045C /* Products */ = {
			isa = PBXGroup;
			children = (
				627AAB7D1B01091200E1045C /* DynamicKitDemo.app */,
				627AAB961B01091200E1045C /* DynamicKitDemoTests.xctest */,
			);
			name = Products;
			sourceTree = "<group>";
		};
		627AAB7F1B01091200E1045C /* DynamicKitDemo */ = {
			isa = PBXGroup;
			children = (
				627AAB841B01091200E1045C /* AppDelegate.h */,
				627AAB851B01091200E1045C /* AppDelegate.m */,
				624F84B11B01BF28002230CA /* Source */,
				624F84B31B01C3F4002230CA /* Additional Files */,
				624F84C01B01C481002230CA /* Resources */,
				627AAB8D1B01091200E1045C /* Images.xcassets */,
				627AAB801B01091200E1045C /* Supporting Files */,
			);
			path = DynamicKitDemo;
			sourceTree = "<group>";
		};
		627AAB801B01091200E1045C /* Supporting Files */ = {
			isa = PBXGroup;
			children = (
				627AAB811B01091200E1045C /* Info.plist */,
				627AAB821B01091200E1045C /* main.m */,
				62A5044D1B01E6C500AD7250 /* DynamicKitDemo-Prefix.pch */,
			);
			name = "Supporting Files";
			sourceTree = "<group>";
		};
		627AAB991B01091200E1045C /* DynamicKitDemoTests */ = {
			isa = PBXGroup;
			children = (
				627AAB9C1B01091200E1045C /* DynamicKitDemoTests.m */,
				627AAB9A1B01091200E1045C /* Supporting Files */,
			);
			path = DynamicKitDemoTests;
			sourceTree = "<group>";
		};
		627AAB9A1B01091200E1045C /* Supporting Files */ = {
			isa = PBXGroup;
			children = (
				627AAB9B1B01091200E1045C /* Info.plist */,
			);
			name = "Supporting Files";
			sourceTree = "<group>";
		};
		628EDCD11B02F06A00FF7E47 /* DynamicKitDemo */ = {
			isa = PBXGroup;
			children = (
				628EDCD21B02F08600FF7E47 /* DynaKitWebViewController.h */,
				628EDCD31B02F08600FF7E47 /* DynaKitWebViewController.m */,
				628EDCD51B02F59700FF7E47 /* DynamicNavigationController.h */,
				628EDCD61B02F59700FF7E47 /* DynamicNavigationController.m */,
			);
			name = DynamicKitDemo;
			path = Source/DynamicKitDemo;
			sourceTree = "<group>";
		};
		98F545F803C3565752C7B479 /* Pods */ = {
			isa = PBXGroup;
			children = (
				F69313B3B4348F9A61CC9379 /* Pods.debug.xcconfig */,
				F88CC8DA60BA007E4482F664 /* Pods.release.xcconfig */,
			);
			name = Pods;
			sourceTree = "<group>";
		};
/* End PBXGroup section */

/* Begin PBXNativeTarget section */
		627AAB7C1B01091100E1045C /* DynamicKitDemo */ = {
			isa = PBXNativeTarget;
			buildConfigurationList = 627AABA01B01091200E1045C /* Build configuration list for PBXNativeTarget "DynamicKitDemo" */;
			buildPhases = (
				3A9B7F2F93FF9EDDD4D4A9C3 /* Check Pods Manifest.lock */,
				627AAB791B01091100E1045C /* Sources */,
				627AAB7A1B01091100E1045C /* Frameworks */,
				627AAB7B1B01091100E1045C /* Resources */,
				FB5A32BD4276DF6F629CE8DC /* Copy Pods Resources */,
			);
			buildRules = (
			);
			dependencies = (
			);
			name = DynamicKitDemo;
			productName = DynamicKitDemo;
			productReference = 627AAB7D1B01091200E1045C /* DynamicKitDemo.app */;
			productType = "com.apple.product-type.application";
		};
		627AAB951B01091200E1045C /* DynamicKitDemoTests */ = {
			isa = PBXNativeTarget;
			buildConfigurationList = 627AABA31B01091200E1045C /* Build configuration list for PBXNativeTarget "DynamicKitDemoTests" */;
			buildPhases = (
				627AAB921B01091200E1045C /* Sources */,
				627AAB931B01091200E1045C /* Frameworks */,
				627AAB941B01091200E1045C /* Resources */,
			);
			buildRules = (
			);
			dependencies = (
				627AAB981B01091200E1045C /* PBXTargetDependency */,
			);
			name = DynamicKitDemoTests;
			productName = DynamicKitDemoTests;
			productReference = 627AAB961B01091200E1045C /* DynamicKitDemoTests.xctest */;
			productType = "com.apple.product-type.bundle.unit-test";
		};
/* End PBXNativeTarget section */

/* Begin PBXProject section */
		627AAB751B01091100E1045C /* Project object */ = {
			isa = PBXProject;
			attributes = {
				LastUpgradeCheck = 0620;
				ORGANIZATIONNAME = "朱 俊健";
				TargetAttributes = {
					627AAB7C1B01091100E1045C = {
						CreatedOnToolsVersion = 6.2;
					};
					627AAB951B01091200E1045C = {
						CreatedOnToolsVersion = 6.2;
						TestTargetID = 627AAB7C1B01091100E1045C;
					};
				};
			};
			buildConfigurationList = 627AAB781B01091100E1045C /* Build configuration list for PBXProject "DynamicKitDemo" */;
			compatibilityVersion = "Xcode 3.2";
			developmentRegion = English;
			hasScannedForEncodings = 0;
			knownRegions = (
				en,
				Base,
			);
			mainGroup = 627AAB741B01091100E1045C;
			productRefGroup = 627AAB7E1B01091200E1045C /* Products */;
			projectDirPath = "";
			projectRoot = "";
			targets = (
				627AAB7C1B01091100E1045C /* DynamicKitDemo */,
				627AAB951B01091200E1045C /* DynamicKitDemoTests */,
			);
		};
/* End PBXProject section */

/* Begin PBXResourcesBuildPhase section */
		627AAB7B1B01091100E1045C /* Resources */ = {
			isa = PBXResourcesBuildPhase;
			buildActionMask = 2147483647;
			files = (
				624F84C41B01C496002230CA /* 2.pic.jpg in Resources */,
				627AAB8E1B01091200E1045C /* Images.xcassets in Resources */,
				624F84C61B01C669002230CA /* test.json in Resources */,
			);
			runOnlyForDeploymentPostprocessing = 0;
		};
		627AAB941B01091200E1045C /* Resources */ = {
			isa = PBXResourcesBuildPhase;
			buildActionMask = 2147483647;
			files = (
			);
			runOnlyForDeploymentPostprocessing = 0;
		};
/* End PBXResourcesBuildPhase section */

/* Begin PBXShellScriptBuildPhase section */
		3A9B7F2F93FF9EDDD4D4A9C3 /* Check Pods Manifest.lock */ = {
			isa = PBXShellScriptBuildPhase;
			buildActionMask = 2147483647;
			files = (
			);
			inputPaths = (
			);
			name = "Check Pods Manifest.lock";
			outputPaths = (
			);
			runOnlyForDeploymentPostprocessing = 0;
			shellPath = /bin/sh;
			shellScript = "diff \"${PODS_ROOT}/../Podfile.lock\" \"${PODS_ROOT}/Manifest.lock\" > /dev/null\nif [[ $? != 0 ]] ; then\n    cat << EOM\nerror: The sandbox is not in sync with the Podfile.lock. Run 'pod install' or update your CocoaPods installation.\nEOM\n    exit 1\nfi\n";
			showEnvVarsInLog = 0;
		};
		FB5A32BD4276DF6F629CE8DC /* Copy Pods Resources */ = {
			isa = PBXShellScriptBuildPhase;
			buildActionMask = 2147483647;
			files = (
			);
			inputPaths = (
			);
			name = "Copy Pods Resources";
			outputPaths = (
			);
			runOnlyForDeploymentPostprocessing = 0;
			shellPath = /bin/sh;
			shellScript = "\"${SRCROOT}/Pods/Target Support Files/Pods/Pods-resources.sh\"\n";
			showEnvVarsInLog = 0;
		};
/* End PBXShellScriptBuildPhase section */

/* Begin PBXSourcesBuildPhase section */
		627AAB791B01091100E1045C /* Sources */ = {
			isa = PBXSourcesBuildPhase;
			buildActionMask = 2147483647;
			files = (
				6233C3F41B02DFB300532F13 /* UIImageView+DynaKit.m in Sources */,
				627AAB861B01091200E1045C /* AppDelegate.m in Sources */,
				624F84D61B01C826002230CA /* NSDictionary+DynaKit.m in Sources */,
				624F84BE1B01C450002230CA /* UIColor+Hex.m in Sources */,
				624F84D01B01C7BE002230CA /* NSObject+DynaKit.m in Sources */,
				627AAB831B01091200E1045C /* main.m in Sources */,
				624F84BF1B01C450002230CA /* UIView+Additions.m in Sources */,
				628EDCD41B02F08600FF7E47 /* DynaKitWebViewController.m in Sources */,
				624F84D91B01C99C002230CA /* DynamicKitManager.m in Sources */,
				628EDCD71B02F59700FF7E47 /* DynamicNavigationController.m in Sources */,
				6233C4001B02E87500532F13 /* UIButton+DynaKit.m in Sources */,
				624F84B01B01BF24002230CA /* MainViewController.m in Sources */,
			);
			runOnlyForDeploymentPostprocessing = 0;
		};
		627AAB921B01091200E1045C /* Sources */ = {
			isa = PBXSourcesBuildPhase;
			buildActionMask = 2147483647;
			files = (
				627AAB9D1B01091200E1045C /* DynamicKitDemoTests.m in Sources */,
			);
			runOnlyForDeploymentPostprocessing = 0;
		};
/* End PBXSourcesBuildPhase section */

/* Begin PBXTargetDependency section */
		627AAB981B01091200E1045C /* PBXTargetDependency */ = {
			isa = PBXTargetDependency;
			target = 627AAB7C1B01091100E1045C /* DynamicKitDemo */;
			targetProxy = 627AAB971B01091200E1045C /* PBXContainerItemProxy */;
		};
/* End PBXTargetDependency section */

/* Begin XCBuildConfiguration section */
		627AAB9E1B01091200E1045C /* Debug */ = {
			isa = XCBuildConfiguration;
			buildSettings = {
				ALWAYS_SEARCH_USER_PATHS = NO;
				CLANG_CXX_LANGUAGE_STANDARD = "gnu++0x";
				CLANG_CXX_LIBRARY = "libc++";
				CLANG_ENABLE_MODULES = YES;
				CLANG_ENABLE_OBJC_ARC = YES;
				CLANG_WARN_BOOL_CONVERSION = YES;
				CLANG_WARN_CONSTANT_CONVERSION = YES;
				CLANG_WARN_DIRECT_OBJC_ISA_USAGE = YES_ERROR;
				CLANG_WARN_EMPTY_BODY = YES;
				CLANG_WARN_ENUM_CONVERSION = YES;
				CLANG_WARN_INT_CONVERSION = YES;
				CLANG_WARN_OBJC_ROOT_CLASS = YES_ERROR;
				CLANG_WARN_UNREACHABLE_CODE = YES;
				CLANG_WARN__DUPLICATE_METHOD_MATCH = YES;
				"CODE_SIGN_IDENTITY[sdk=iphoneos*]" = "iPhone Developer";
				COPY_PHASE_STRIP = NO;
				ENABLE_STRICT_OBJC_MSGSEND = YES;
				GCC_C_LANGUAGE_STANDARD = gnu99;
				GCC_DYNAMIC_NO_PIC = NO;
				GCC_OPTIMIZATION_LEVEL = 0;
				GCC_PREPROCESSOR_DEFINITIONS = (
					"DEBUG=1",
					"$(inherited)",
				);
				GCC_SYMBOLS_PRIVATE_EXTERN = NO;
				GCC_WARN_64_TO_32_BIT_CONVERSION = YES;
				GCC_WARN_ABOUT_RETURN_TYPE = YES_ERROR;
				GCC_WARN_UNDECLARED_SELECTOR = YES;
				GCC_WARN_UNINITIALIZED_AUTOS = YES_AGGRESSIVE;
				GCC_WARN_UNUSED_FUNCTION = YES;
				GCC_WARN_UNUSED_VARIABLE = YES;
				IPHONEOS_DEPLOYMENT_TARGET = 8.2;
				MTL_ENABLE_DEBUG_INFO = YES;
				ONLY_ACTIVE_ARCH = YES;
				SDKROOT = iphoneos;
			};
			name = Debug;
		};
		627AAB9F1B01091200E1045C /* Release */ = {
			isa = XCBuildConfiguration;
			buildSettings = {
				ALWAYS_SEARCH_USER_PATHS = NO;
				CLANG_CXX_LANGUAGE_STANDARD = "gnu++0x";
				CLANG_CXX_LIBRARY = "libc++";
				CLANG_ENABLE_MODULES = YES;
				CLANG_ENABLE_OBJC_ARC = YES;
				CLANG_WARN_BOOL_CONVERSION = YES;
				CLANG_WARN_CONSTANT_CONVERSION = YES;
				CLANG_WARN_DIRECT_OBJC_ISA_USAGE = YES_ERROR;
				CLANG_WARN_EMPTY_BODY = YES;
				CLANG_WARN_ENUM_CONVERSION = YES;
				CLANG_WARN_INT_CONVERSION = YES;
				CLANG_WARN_OBJC_ROOT_CLASS = YES_ERROR;
				CLANG_WARN_UNREACHABLE_CODE = YES;
				CLANG_WARN__DUPLICATE_METHOD_MATCH = YES;
				"CODE_SIGN_IDENTITY[sdk=iphoneos*]" = "iPhone Developer";
				COPY_PHASE_STRIP = NO;
				ENABLE_NS_ASSERTIONS = NO;
				ENABLE_STRICT_OBJC_MSGSEND = YES;
				GCC_C_LANGUAGE_STANDARD = gnu99;
				GCC_WARN_64_TO_32_BIT_CONVERSION = YES;
				GCC_WARN_ABOUT_RETURN_TYPE = YES_ERROR;
				GCC_WARN_UNDECLARED_SELECTOR = YES;
				GCC_WARN_UNINITIALIZED_AUTOS = YES_AGGRESSIVE;
				GCC_WARN_UNUSED_FUNCTION = YES;
				GCC_WARN_UNUSED_VARIABLE = YES;
				IPHONEOS_DEPLOYMENT_TARGET = 8.2;
				MTL_ENABLE_DEBUG_INFO = NO;
				SDKROOT = iphoneos;
				VALIDATE_PRODUCT = YES;
			};
			name = Release;
		};
		627AABA11B01091200E1045C /* Debug */ = {
			isa = XCBuildConfiguration;
			baseConfigurationReference = F69313B3B4348F9A61CC9379 /* Pods.debug.xcconfig */;
			buildSettings = {
				ASSETCATALOG_COMPILER_APPICON_NAME = AppIcon;
				ASSETCATALOG_COMPILER_LAUNCHIMAGE_NAME = LaunchImage;
				GCC_PREFIX_HEADER = "DynamicKitDemo/DynamicKitDemo-Prefix.pch";
				INFOPLIST_FILE = DynamicKitDemo/Info.plist;
				LD_RUNPATH_SEARCH_PATHS = "$(inherited) @executable_path/Frameworks";
				PRODUCT_NAME = "$(TARGET_NAME)";
			};
			name = Debug;
		};
		627AABA21B01091200E1045C /* Release */ = {
			isa = XCBuildConfiguration;
			baseConfigurationReference = F88CC8DA60BA007E4482F664 /* Pods.release.xcconfig */;
			buildSettings = {
				ASSETCATALOG_COMPILER_APPICON_NAME = AppIcon;
				ASSETCATALOG_COMPILER_LAUNCHIMAGE_NAME = LaunchImage;
				GCC_PREFIX_HEADER = "DynamicKitDemo/DynamicKitDemo-Prefix.pch";
				INFOPLIST_FILE = DynamicKitDemo/Info.plist;
				LD_RUNPATH_SEARCH_PATHS = "$(inherited) @executable_path/Frameworks";
				PRODUCT_NAME = "$(TARGET_NAME)";
			};
			name = Release;
		};
		627AABA41B01091200E1045C /* Debug */ = {
			isa = XCBuildConfiguration;
			buildSettings = {
				BUNDLE_LOADER = "$(TEST_HOST)";
				FRAMEWORK_SEARCH_PATHS = (
					"$(SDKROOT)/Developer/Library/Frameworks",
					"$(inherited)",
				);
				GCC_PREPROCESSOR_DEFINITIONS = (
					"DEBUG=1",
					"$(inherited)",
				);
				INFOPLIST_FILE = DynamicKitDemoTests/Info.plist;
				LD_RUNPATH_SEARCH_PATHS = "$(inherited) @executable_path/Frameworks @loader_path/Frameworks";
				PRODUCT_NAME = "$(TARGET_NAME)";
				TEST_HOST = "$(BUILT_PRODUCTS_DIR)/DynamicKitDemo.app/DynamicKitDemo";
			};
			name = Debug;
		};
		627AABA51B01091200E1045C /* Release */ = {
			isa = XCBuildConfiguration;
			buildSettings = {
				BUNDLE_LOADER = "$(TEST_HOST)";
				FRAMEWORK_SEARCH_PATHS = (
					"$(SDKROOT)/Developer/Library/Frameworks",
					"$(inherited)",
				);
				INFOPLIST_FILE = DynamicKitDemoTests/Info.plist;
				LD_RUNPATH_SEARCH_PATHS = "$(inherited) @executable_path/Frameworks @loader_path/Frameworks";
				PRODUCT_NAME = "$(TARGET_NAME)";
				TEST_HOST = "$(BUILT_PRODUCTS_DIR)/DynamicKitDemo.app/DynamicKitDemo";
			};
			name = Release;
		};
/* End XCBuildConfiguration section */

/* Begin XCConfigurationList section */
		627AAB781B01091100E1045C /* Build configuration list for PBXProject "DynamicKitDemo" */ = {
			isa = XCConfigurationList;
			buildConfigurations = (
				627AAB9E1B01091200E1045C /* Debug */,
				627AAB9F1B01091200E1045C /* Release */,
			);
			defaultConfigurationIsVisible = 0;
			defaultConfigurationName = Release;
		};
		627AABA01B01091200E1045C /* Build configuration list for PBXNativeTarget "DynamicKitDemo" */ = {
			isa = XCConfigurationList;
			buildConfigurations = (
				627AABA11B01091200E1045C /* Debug */,
				627AABA21B01091200E1045C /* Release */,
			);
			defaultConfigurationIsVisible = 0;
			defaultConfigurationName = Release;
		};
		627AABA31B01091200E1045C /* Build configuration list for PBXNativeTarget "DynamicKitDemoTests" */ = {
			isa = XCConfigurationList;
			buildConfigurations = (
				627AABA41B01091200E1045C /* Debug */,
				627AABA51B01091200E1045C /* Release */,
			);
			defaultConfigurationIsVisible = 0;
			defaultConfigurationName = Release;
		};
/* End XCConfigurationList section */
	};
	rootObject = 627AAB751B01091100E1045C /* Project object */;
}
